// !$*UTF8*$!
{
	archiveVersion = 1;
	classes = {
	};
	objectVersion = 46;
	objects = {

/* Begin PBXGroup section */
		908EF69C1EFF7EBF00986955 = {
			isa = PBXGroup;
			children = (
			);
			sourceTree = "<group>";
		};
/* End PBXGroup section */

/* Begin PBXProject section */
		908EF69D1EFF7EBF00986955 /* Project object */ = {
			isa = PBXProject;
			attributes = {
				LastUpgradeCheck = 0830;
			};
			buildConfigurationList = 908EF6A01EFF7EBF00986955 /* Build configuration list for PBXProject "TareaSemanaDos" */;
			compatibilityVersion = "Xcode 3.2";
			developmentRegion = English;
			hasScannedForEncodings = 0;
			knownRegions = (
				en,
			);
			mainGroup = 908EF69C1EFF7EBF00986955;
			projectDirPath = "";
			projectRoot = "";
			targets = (
			);
		};
/* End PBXProject section */

/* Begin XCBuildConfiguration section */
		908EF6A11EFF7EBF00986955 /* Debug */ = {
			isa = XCBuildConfiguration;
			buildSettings = {
			};
			name = Debug;
		};
		908EF6A21EFF7EBF00986955 /* Release */ = {
			isa = XCBuildConfiguration;
			buildSettings = {
			};
			name = Release;
		};
/* End XCBuildConfiguration section */

/* Begin XCConfigurationList section */
		908EF6A01EFF7EBF00986955 /* Build configuration list for PBXProject "TareaSemanaDos" */ = {
			isa = XCConfigurationList;
			buildConfigurations = (
				908EF6A11EFF7EBF00986955 /* Debug */,
				908EF6A21EFF7EBF00986955 /* Release */,
			);
			defaultConfigurationIsVisible = 0;
			defaultConfigurationName = Release;
		};
/* End XCConfigurationList section */
	};
	rootObject = 908EF69D1EFF7EBF00986955 /* Project object */;
}
